<?xml version="1.0" encoding="utf-8"?>
<Project ToolsVersion="4.0" xmlns="http://schemas.microsoft.com/developer/msbuild/2003">
  <ItemGroup>
    <Filter Include="win32">
      <UniqueIdentifier>{84a8ebd7-7cf0-47f6-b75e-d441df67da40}</UniqueIdentifier>
    </Filter>
    <Filter Include="resource">
      <UniqueIdentifier>{715254bc-d70b-4ec5-bf29-467dd3ace079}</UniqueIdentifier>
    </Filter>
    <Filter Include="src">
      <UniqueIdentifier>{bb6c862e-70e9-49d9-81b7-3829a6f50471}</UniqueIdentifier>
    </Filter>
    <Filter Include="config">
      <UniqueIdentifier>{7960596a-846a-49d3-b154-3bf1493a2f65}</UniqueIdentifier>
    </Filter>
    <Filter Include="config\loaders">
      <UniqueIdentifier>{0f2c77ce-2226-479a-95e3-02d3aa0fc5d1}</UniqueIdentifier>
    </Filter>
    <Filter Include="config\models">
      <UniqueIdentifier>{3c8f9af7-096a-45a8-9032-9495c8ce21c2}</UniqueIdentifier>
    </Filter>
    <Filter Include="src\views">
      <UniqueIdentifier>{c596dd82-5130-45e2-ba7f-855684c0ec59}</UniqueIdentifier>
    </Filter>
    <Filter Include="src\controllers">
      <UniqueIdentifier>{03b1c3eb-e933-46b3-9ab2-e52a7b58c641}</UniqueIdentifier>
    </Filter>
    <Filter Include="src\models">
      <UniqueIdentifier>{75f05b88-7857-4029-a7fa-cd5c301cfa03}</UniqueIdentifier>
    </Filter>
    <Filter Include="src\manager">
      <UniqueIdentifier>{f6c5548b-be2f-482d-b4f6-b351564eb39e}</UniqueIdentifier>
    </Filter>
  </ItemGroup>
  <ItemGroup>
    <ClCompile Include="main.cpp">
      <Filter>win32</Filter>
    </ClCompile>
    <ClCompile Include="..\Classes\AppDelegate.cpp">
      <Filter>src</Filter>
    </ClCompile>
    <ClCompile Include="..\Classes\HelloWorldScene.cpp">
      <Filter>src</Filter>
    </ClCompile>
    <ClCompile Include="..\Classes\views\GameViewScene.cpp">
      <Filter>src\views</Filter>
    </ClCompile>
    <ClCompile Include="..\Classes\views\CardViewSceneItem.cpp">
      <Filter>src\views</Filter>
    </ClCompile>
    <ClCompile Include="..\Classes\controller\GameController.cpp">
      <Filter>src\controllers</Filter>
    </ClCompile>
    <ClCompile Include="..\Classes\controller\GameModelFromLevelGenerator.cpp">
      <Filter>src\controllers</Filter>
    </ClCompile>
    <ClCompile Include="..\Classes\controller\LevelConfigLoader.cpp">
      <Filter>src\controllers</Filter>
    </ClCompile>
    <ClCompile Include="..\Classes\controller\PlayFieldController.cpp">
      <Filter>src\controllers</Filter>
    </ClCompile>
    <ClCompile Include="..\Classes\controller\StackController.cpp">
      <Filter>src\controllers</Filter>
    </ClCompile>
    <ClCompile Include="..\Classes\manager\UndoManager.cpp">
      <Filter>src\manager</Filter>
    </ClCompile>
    <ClCompile Include="..\Classes\views\PlayCardMainViewScene.cpp">
      <Filter>src\views</Filter>
    </ClCompile>
    <ClCompile Include="..\Classes\views\PlayFieldView.cpp">
      <Filter>src\views</Filter>
    </ClCompile>
  </ItemGroup>
  <ItemGroup>
    <ClInclude Include="main.h">
      <Filter>win32</Filter>
    </ClInclude>
    <ClInclude Include="..\Classes\AppDelegate.h">
      <Filter>src</Filter>
    </ClInclude>
    <ClInclude Include="..\Classes\HelloWorldScene.h">
      <Filter>src</Filter>
    </ClInclude>
    <ClInclude Include="..\Classes\configs\loaders\LevelConfigLoader.h">
      <Filter>config\loaders</Filter>
    </ClInclude>
    <ClInclude Include="..\Classes\configs\models\CardResConfig.h">
      <Filter>config\models</Filter>
    </ClInclude>
    <ClInclude Include="..\Classes\configs\models\LevelConfig.h">
      <Filter>config\models</Filter>
    </ClInclude>
    <ClInclude Include="..\Classes\views\GameViewScene.h">
      <Filter>src\views</Filter>
    </ClInclude>
    <ClInclude Include="..\Classes\views\CardViewSceneItem.h">
      <Filter>src\views</Filter>
    </ClInclude>
    <ClInclude Include="..\Classes\controller\GameController.h">
      <Filter>src\controllers</Filter>
    </ClInclude>
    <ClInclude Include="..\Classes\controller\GameModelFromLevelGenerator.h">
      <Filter>src\controllers</Filter>
    </ClInclude>
    <ClInclude Include="..\Classes\controller\LevelConfigLoader.h">
      <Filter>src\controllers</Filter>
    </ClInclude>
    <ClInclude Include="..\Classes\controller\PlayFieldController.h">
      <Filter>src\controllers</Filter>
    </ClInclude>
    <ClInclude Include="..\Classes\controller\StackController.h">
      <Filter>src\controllers</Filter>
    </ClInclude>
    <ClInclude Include="..\Classes\manager\UndoManager.h">
      <Filter>src\manager</Filter>
    </ClInclude>
    <ClInclude Include="..\Classes\views\PlayCardMainViewScene.h">
      <Filter>src\views</Filter>
    </ClInclude>
    <ClInclude Include="..\Classes\views\PlayFieldView.h">
      <Filter>src\views</Filter>
    </ClInclude>
    <ClInclude Include="..\Classes\configs\models\GameModel.h">
      <Filter>config\models</Filter>
    </ClInclude>
  </ItemGroup>
  <ItemGroup>
    <ResourceCompile Include="game.rc">
      <Filter>resource</Filter>
    </ResourceCompile>
  </ItemGroup>
</Project>